
Microsoft Visual Studio Solution File, Format Version 12.00
Project("{FAE04EC0-301F-11D3-BF4B-00C04F79EFBC}") = "ConsoleApp1", "ConsoleApp1\ConsoleApp1.csproj", "{074DC6E2-006B-4DF6-9F78-CE812AF473CA}"
EndProject
Project("{FAE04EC0-301F-11D3-BF4B-00C04F79EFBC}") = "Common", "Common\Common.csproj", "{65A9E39C-D274-439D-93D4-8DCD4BBD3E69}"
EndProject
Global
	GlobalSection(SolutionConfigurationPlatforms) = preSolution
		Debug|Any CPU = Debug|Any CPU
		Release|Any CPU = Release|Any CPU
	EndGlobalSection
	GlobalSection(ProjectConfigurationPlatforms) = postSolution
		{074DC6E2-006B-4DF6-9F78-CE812AF473CA}.Debug|Any CPU.ActiveCfg = Debug|Any CPU
		{074DC6E2-006B-4DF6-9F78-CE812AF473CA}.Debug|Any CPU.Build.0 = Debug|Any CPU
		{074DC6E2-006B-4DF6-9F78-CE812AF473CA}.Release|Any CPU.ActiveCfg = Release|Any CPU
		{074DC6E2-006B-4DF6-9F78-CE812AF473CA}.Release|Any CPU.Build.0 = Release|Any CPU
		{65A9E39C-D274-439D-93D4-8DCD4BBD3E69}.Debug|Any CPU.ActiveCfg = Debug|Any CPU
		{65A9E39C-D274-439D-93D4-8DCD4BBD3E69}.Debug|Any CPU.Build.0 = Debug|Any CPU
		{65A9E39C-D274-439D-93D4-8DCD4BBD3E69}.Release|Any CPU.ActiveCfg = Release|Any CPU
		{65A9E39C-D274-439D-93D4-8DCD4BBD3E69}.Release|Any CPU.Build.0 = Release|Any CPU
	EndGlobalSection
EndGlobal
